
Microsoft Visual Studio Solution File, Format Version 12.00
Project("{FAE04EC0-301F-11D3-BF4B-00C04F79EFBC}") = "OnlineLibrary.Presentation.Web", "OnlineLibrary.Presentation.Web\OnlineLibrary.Presentation.Web.csproj", "{71BCAC20-C9B5-47BC-916C-535A0D701CB1}"
EndProject
Project("{2150E333-8FDC-42A3-9474-1A3956D46DE8}") = "src", "src", "{4261ACEB-AEBA-4311-BF60-B245FC81FE30}"
EndProject
Project("{2150E333-8FDC-42A3-9474-1A3956D46DE8}") = "Core", "Core", "{47478CA5-EF40-4C21-A810-F00539D046EA}"
EndProject
Project("{2150E333-8FDC-42A3-9474-1A3956D46DE8}") = "Infrastructure", "Infrastructure", "{5E813D97-EE56-4EDD-9DF2-AE4D8013935E}"
EndProject
Project("{2150E333-8FDC-42A3-9474-1A3956D46DE8}") = "Presentation", "Presentation", "{882E5141-8646-411F-BACF-C5967E5D4DDB}"
EndProject
Project("{FAE04EC0-301F-11D3-BF4B-00C04F79EFBC}") = "OnlineLibrary.Core.Domain", "OnlineLibrary.Core.Domain\OnlineLibrary.Core.Domain.csproj", "{8F1DCFCC-CA08-4E7B-B5E6-2728B1C1218B}"
EndProject
Project("{FAE04EC0-301F-11D3-BF4B-00C04F79EFBC}") = "OnlineLibrary.Core.Application", "OnlineLibrary.Core.Application\OnlineLibrary.Core.Application.csproj", "{12DA7192-169A-4FC6-A5BA-8651680F212D}"
EndProject
Project("{FAE04EC0-301F-11D3-BF4B-00C04F79EFBC}") = "OnlineLibrary.Infrastructure.Persistence", "OnlineLibrary.Infrastructure.Persistence\OnlineLibrary.Infrastructure.Persistence.csproj", "{9FFDA455-83B2-488B-BB42-3F64EE837FA0}"
EndProject
Global
	GlobalSection(SolutionConfigurationPlatforms) = preSolution
		Debug|Any CPU = Debug|Any CPU
		Release|Any CPU = Release|Any CPU
	EndGlobalSection
	GlobalSection(ProjectConfigurationPlatforms) = postSolution
		{71BCAC20-C9B5-47BC-916C-535A0D701CB1}.Debug|Any CPU.ActiveCfg = Debug|Any CPU
		{71BCAC20-C9B5-47BC-916C-535A0D701CB1}.Debug|Any CPU.Build.0 = Debug|Any CPU
		{71BCAC20-C9B5-47BC-916C-535A0D701CB1}.Release|Any CPU.ActiveCfg = Release|Any CPU
		{71BCAC20-C9B5-47BC-916C-535A0D701CB1}.Release|Any CPU.Build.0 = Release|Any CPU
		{8F1DCFCC-CA08-4E7B-B5E6-2728B1C1218B}.Debug|Any CPU.ActiveCfg = Debug|Any CPU
		{8F1DCFCC-CA08-4E7B-B5E6-2728B1C1218B}.Debug|Any CPU.Build.0 = Debug|Any CPU
		{8F1DCFCC-CA08-4E7B-B5E6-2728B1C1218B}.Release|Any CPU.ActiveCfg = Release|Any CPU
		{8F1DCFCC-CA08-4E7B-B5E6-2728B1C1218B}.Release|Any CPU.Build.0 = Release|Any CPU
		{12DA7192-169A-4FC6-A5BA-8651680F212D}.Debug|Any CPU.ActiveCfg = Debug|Any CPU
		{12DA7192-169A-4FC6-A5BA-8651680F212D}.Debug|Any CPU.Build.0 = Debug|Any CPU
		{12DA7192-169A-4FC6-A5BA-8651680F212D}.Release|Any CPU.ActiveCfg = Release|Any CPU
		{12DA7192-169A-4FC6-A5BA-8651680F212D}.Release|Any CPU.Build.0 = Release|Any CPU
		{9FFDA455-83B2-488B-BB42-3F64EE837FA0}.Debug|Any CPU.ActiveCfg = Debug|Any CPU
		{9FFDA455-83B2-488B-BB42-3F64EE837FA0}.Debug|Any CPU.Build.0 = Debug|Any CPU
		{9FFDA455-83B2-488B-BB42-3F64EE837FA0}.Release|Any CPU.ActiveCfg = Release|Any CPU
		{9FFDA455-83B2-488B-BB42-3F64EE837FA0}.Release|Any CPU.Build.0 = Release|Any CPU
	EndGlobalSection
	GlobalSection(NestedProjects) = preSolution
		{47478CA5-EF40-4C21-A810-F00539D046EA} = {4261ACEB-AEBA-4311-BF60-B245FC81FE30}
		{5E813D97-EE56-4EDD-9DF2-AE4D8013935E} = {4261ACEB-AEBA-4311-BF60-B245FC81FE30}
		{882E5141-8646-411F-BACF-C5967E5D4DDB} = {4261ACEB-AEBA-4311-BF60-B245FC81FE30}
		{71BCAC20-C9B5-47BC-916C-535A0D701CB1} = {882E5141-8646-411F-BACF-C5967E5D4DDB}
		{8F1DCFCC-CA08-4E7B-B5E6-2728B1C1218B} = {47478CA5-EF40-4C21-A810-F00539D046EA}
		{12DA7192-169A-4FC6-A5BA-8651680F212D} = {47478CA5-EF40-4C21-A810-F00539D046EA}
		{9FFDA455-83B2-488B-BB42-3F64EE837FA0} = {5E813D97-EE56-4EDD-9DF2-AE4D8013935E}
	EndGlobalSection
EndGlobal
